
Microsoft Visual Studio Solution File, Format Version 12.00
# Visual Studio 15
VisualStudioVersion = 15.0.28307.136
MinimumVisualStudioVersion = 10.0.40219.1
Project("{FAE04EC0-301F-11D3-BF4B-00C04F79EFBC}") = "FCamara.Dominio.Testes", "tests\FCamara.Dominio.Testes\FCamara.Dominio.Testes.csproj", "{0906190D-5984-4726-9AB0-65B450F27052}"
EndProject
Project("{2150E333-8FDC-42A3-9474-1A3956D46DE8}") = "Testes", "Testes", "{9BFF5169-DF52-4604-9E5C-75B7D8FBB698}"
EndProject
Project("{FAE04EC0-301F-11D3-BF4B-00C04F79EFBC}") = "FCamaraDominio", "src\FCamaraDominio\FCamaraDominio.csproj", "{D54BE48C-F8B2-41F1-A587-F1DB1C1D0725}"
EndProject
Project("{FAE04EC0-301F-11D3-BF4B-00C04F79EFBC}") = "FCamara.Api", "src\FCamara.Api\FCamara.Api.csproj", "{EC28237F-B190-47E4-B55D-6F6E8F0BE00A}"
EndProject
Global
	GlobalSection(SolutionConfigurationPlatforms) = preSolution
		Debug|Any CPU = Debug|Any CPU
		Release|Any CPU = Release|Any CPU
	EndGlobalSection
	GlobalSection(ProjectConfigurationPlatforms) = postSolution
		{0906190D-5984-4726-9AB0-65B450F27052}.Debug|Any CPU.ActiveCfg = Debug|Any CPU
		{0906190D-5984-4726-9AB0-65B450F27052}.Debug|Any CPU.Build.0 = Debug|Any CPU
		{0906190D-5984-4726-9AB0-65B450F27052}.Release|Any CPU.ActiveCfg = Release|Any CPU
		{0906190D-5984-4726-9AB0-65B450F27052}.Release|Any CPU.Build.0 = Release|Any CPU
		{D54BE48C-F8B2-41F1-A587-F1DB1C1D0725}.Debug|Any CPU.ActiveCfg = Debug|Any CPU
		{D54BE48C-F8B2-41F1-A587-F1DB1C1D0725}.Debug|Any CPU.Build.0 = Debug|Any CPU
		{D54BE48C-F8B2-41F1-A587-F1DB1C1D0725}.Release|Any CPU.ActiveCfg = Release|Any CPU
		{D54BE48C-F8B2-41F1-A587-F1DB1C1D0725}.Release|Any CPU.Build.0 = Release|Any CPU
		{EC28237F-B190-47E4-B55D-6F6E8F0BE00A}.Debug|Any CPU.ActiveCfg = Debug|Any CPU
		{EC28237F-B190-47E4-B55D-6F6E8F0BE00A}.Debug|Any CPU.Build.0 = Debug|Any CPU
		{EC28237F-B190-47E4-B55D-6F6E8F0BE00A}.Release|Any CPU.ActiveCfg = Release|Any CPU
		{EC28237F-B190-47E4-B55D-6F6E8F0BE00A}.Release|Any CPU.Build.0 = Release|Any CPU
	EndGlobalSection
	GlobalSection(SolutionProperties) = preSolution
		HideSolutionNode = FALSE
	EndGlobalSection
	GlobalSection(NestedProjects) = preSolution
		{0906190D-5984-4726-9AB0-65B450F27052} = {9BFF5169-DF52-4604-9E5C-75B7D8FBB698}
	EndGlobalSection
	GlobalSection(ExtensibilityGlobals) = postSolution
		SolutionGuid = {3C30FDB9-F926-4B0F-AD0D-7035F0F9C65F}
	EndGlobalSection
EndGlobal
